
Microsoft Visual Studio Solution File, Format Version 12.00
# Visual Studio Version 16
VisualStudioVersion = 16.0.30523.141
MinimumVisualStudioVersion = 10.0.40219.1
Project("{FAE04EC0-301F-11D3-BF4B-00C04F79EFBC}") = "NEW DESIGH", "NEW DESIGH\NEW DESIGH.csproj", "{87762FB2-C03C-479E-9067-3BBD5006F8EC}"
EndProject
Global
	GlobalSection(SolutionConfigurationPlatforms) = preSolution
		Debug|Any CPU = Debug|Any CPU
		Release|Any CPU = Release|Any CPU
	EndGlobalSection
	GlobalSection(ProjectConfigurationPlatforms) = postSolution
		{87762FB2-C03C-479E-9067-3BBD5006F8EC}.Debug|Any CPU.ActiveCfg = Debug|Any CPU
		{87762FB2-C03C-479E-9067-3BBD5006F8EC}.Debug|Any CPU.Build.0 = Debug|Any CPU
		{87762FB2-C03C-479E-9067-3BBD5006F8EC}.Release|Any CPU.ActiveCfg = Release|Any CPU
		{87762FB2-C03C-479E-9067-3BBD5006F8EC}.Release|Any CPU.Build.0 = Release|Any CPU
	EndGlobalSection
	GlobalSection(SolutionProperties) = preSolution
		HideSolutionNode = FALSE
	EndGlobalSection
	GlobalSection(ExtensibilityGlobals) = postSolution
		SolutionGuid = {0EEF04D9-E406-44AB-868D-E777FBE5100D}
	EndGlobalSection
EndGlobal
